
Microsoft Visual Studio Solution File, Format Version 12.00
Project("{FAE04EC0-301F-11D3-BF4B-00C04F79EFBC}") = "flowerpass", "flowerpass\flowerpass.csproj", "{66613E22-5492-4319-B538-FB1544AEFCBD}"
EndProject
Global
	GlobalSection(SolutionConfigurationPlatforms) = preSolution
		Debug|Any CPU = Debug|Any CPU
		Release|Any CPU = Release|Any CPU
	EndGlobalSection
	GlobalSection(ProjectConfigurationPlatforms) = postSolution
		{66613E22-5492-4319-B538-FB1544AEFCBD}.Debug|Any CPU.ActiveCfg = Debug|Any CPU
		{66613E22-5492-4319-B538-FB1544AEFCBD}.Debug|Any CPU.Build.0 = Debug|Any CPU
		{66613E22-5492-4319-B538-FB1544AEFCBD}.Release|Any CPU.ActiveCfg = Release|Any CPU
		{66613E22-5492-4319-B538-FB1544AEFCBD}.Release|Any CPU.Build.0 = Release|Any CPU
	EndGlobalSection
EndGlobal
